github.com/TheBitDrifter/bappa/blueprint v0.0.0-20250827172029-d96a17f7aaf4 h1:6mfOC6VN6Rt8I6RW/W8CLVgInNEmzUGoc2VF2ByRd+I=
github.com/TheBitDrifter/bappa/blueprint v0.0.0-20250827172029-d96a17f7aaf4/go.mod h1:K3UbHjKtouZmaRHhG8SPxOjzWyPmmQ5hsyV/TxlVNeg=
github.com/TheBitDrifter/bappa/combat v0.0.0-20250805033540-6c492b297684 h1:RM1w8fGgtZrapF2i7H7AwlGk8T9p84AoaLYLmNn1HPs=
github.com/TheBitDrifter/bappa/combat v0.0.0-20250805033540-6c492b297684/go.mod h1:kqd2/N6aUsWftXdBurA23ufdDmmkf01n7TRFsrDqZoI=
github.com/TheBitDrifter/bappa/environment v0.0.0-20250805064827-5d0801e0a7d5 h1:Xy/isYj/SJJLcAGtaKlcPkUqRWvFXSdGiJ2lzlzRQws=
github.com/TheBitDrifter/bappa/environment v0.0.0-20250805064827-5d0801e0a7d5/go.mod h1:Kt1WbpF5cboazY4QDusBE2VAtKXdgJOBmGSdVixeMDs=
github.com/TheBitDrifter/bappa/table v0.0.0-20250827171242-3f6179875b16 h1:neP4q4Pko3IiZ813Lnwl6qTzDR7PsATCIt6cYmvx2SE=
github.com/TheBitDrifter/bappa/table v0.0.0-20250827171242-3f6179875b16/go.mod h1:PE3smUzTI4pj/+gV8igZtbbXr5QInqwqTChFAirrDXY=
github.com/TheBitDrifter/bappa/tteokbokki v0.0.0-20250805064827-5d0801e0a7d5 h1:+bE5OkP84CPg/b4OwwDAFP/VQExeIVuTapjXa48RPt0=
github.com/TheBitDrifter/bappa/tteokbokki v0.0.0-20250805064827-5d0801e0a7d5/go.mod h1:mZEI8wJGX6thFPrbaGyue/5jf0rh8bwzFTFBX20nwfc=
github.com/TheBitDrifter/bappa/warehouse v0.0.0-20250827171242-3f6179875b16 h1:Q8LmM5X5IQN9DJYdFCW5gtR+AnwM/QFA4oFKgNhv5tQ=
github.com/TheBitDrifter/bappa/warehouse v0.0.0-20250827171242-3f6179875b16/go.mod h1:FEYCpH50l/sZWSeEP09enqAPzTKE0N0sLqliN+okk2U=
github.com/TheBitDrifter/bark v0.0.0-20250302175939-26104a815ed9 h1:FKJtdY3t0/gSgQQrawCrUCs8io53Mq6mSKyovNdd4ig=
github.com/TheBitDrifter/bark v0.0.0-20250302175939-26104a815ed9/go.mod h1:DfUHSN9ypqQX6IRhwzRdzp7TKoCm1pLFUteZgfWt168=
github.com/TheBitDrifter/mask v0.0.1-early-alpha.1 h1:OtOctrw0eBkIlHKhzEMmsHt0+xgb3RSDsfNkpd2hiiM=
github.com/TheBitDrifter/mask v0.0.1-early-alpha.1/go.mod h1:2Gumixx/FRZwxlwMNCpSr38UTbS5gUSSGdntrSmivGk=
github.com/TheBitDrifter/util v0.0.0-20241102212109-342f4c0a810e h1:GichypQhTVgS3J1TpSs2nuij+L2EtxBSv70vjk03KAg=
github.com/TheBitDrifter/util v0.0.0-20241102212109-342f4c0a810e/go.mod h1:k3LfyqK/t6Tm1vP1jqGvmIgc05BTEI6rbOEhkXS1uH4=
